
Microsoft Visual Studio Solution File, Format Version 12.00
# Visual Studio Version 17
VisualStudioVersion = 17.8.34408.163
MinimumVisualStudioVersion = 10.0.40219.1
Project("{FAE04EC0-301F-11D3-BF4B-00C04F79EFBC}") = "FizzBuzz_lab0", "FizzBuzz_lab0.csproj", "{69478F84-4C2C-4D5C-95A6-11EA4863BCEB}"
EndProject
Global
	GlobalSection(SolutionConfigurationPlatforms) = preSolution
		Debug|Any CPU = Debug|Any CPU
		Release|Any CPU = Release|Any CPU
	EndGlobalSection
	GlobalSection(ProjectConfigurationPlatforms) = postSolution
		{69478F84-4C2C-4D5C-95A6-11EA4863BCEB}.Debug|Any CPU.ActiveCfg = Debug|Any CPU
		{69478F84-4C2C-4D5C-95A6-11EA4863BCEB}.Debug|Any CPU.Build.0 = Debug|Any CPU
		{69478F84-4C2C-4D5C-95A6-11EA4863BCEB}.Release|Any CPU.ActiveCfg = Release|Any CPU
		{69478F84-4C2C-4D5C-95A6-11EA4863BCEB}.Release|Any CPU.Build.0 = Release|Any CPU
	EndGlobalSection
	GlobalSection(SolutionProperties) = preSolution
		HideSolutionNode = FALSE
	EndGlobalSection
	GlobalSection(ExtensibilityGlobals) = postSolution
		SolutionGuid = {93B37625-EE18-4637-800E-016DE4CF7A29}
	EndGlobalSection
EndGlobal
